
Microsoft Visual Studio Solution File, Format Version 12.00
# Visual Studio Version 17
VisualStudioVersion = 17.14.36616.10 d17.14
MinimumVisualStudioVersion = 10.0.40219.1
Project("{FAE04EC0-301F-11D3-BF4B-00C04F79EFBC}") = "PolicyNotesService", "PolicyNotesService.csproj", "{5EAFD1C7-FD3B-41B7-92A0-725C1CF92F8A}"
EndProject
Project("{FAE04EC0-301F-11D3-BF4B-00C04F79EFBC}") = "PolicyNotesServiceApi.IntegrationTests", "..\PolicyNotesServiceApi.IntegrationTests\PolicyNotesServiceApi.IntegrationTests.csproj", "{CC904453-05B0-4FBC-AEC1-15F05159D963}"
EndProject
Project("{2150E333-8FDC-42A3-9474-1A3956D46DE8}") = "NewFolder1", "NewFolder1", "{02EA681E-C7D8-13C7-8484-4AC65E1B71E8}"
EndProject
Project("{2150E333-8FDC-42A3-9474-1A3956D46DE8}") = "Solution Items", "Solution Items", "{8EC462FD-D22E-90A8-E5CE-7E832BA40C5D}"
	ProjectSection(SolutionItems) = preProject
		..\..\..\Downloads\PolicyNotes.gitignore = ..\..\..\Downloads\PolicyNotes.gitignore
	EndProjectSection
EndProject
Global
	GlobalSection(SolutionConfigurationPlatforms) = preSolution
		Debug|Any CPU = Debug|Any CPU
		Release|Any CPU = Release|Any CPU
	EndGlobalSection
	GlobalSection(ProjectConfigurationPlatforms) = postSolution
		{5EAFD1C7-FD3B-41B7-92A0-725C1CF92F8A}.Debug|Any CPU.ActiveCfg = Debug|Any CPU
		{5EAFD1C7-FD3B-41B7-92A0-725C1CF92F8A}.Debug|Any CPU.Build.0 = Debug|Any CPU
		{5EAFD1C7-FD3B-41B7-92A0-725C1CF92F8A}.Release|Any CPU.ActiveCfg = Release|Any CPU
		{5EAFD1C7-FD3B-41B7-92A0-725C1CF92F8A}.Release|Any CPU.Build.0 = Release|Any CPU
		{CC904453-05B0-4FBC-AEC1-15F05159D963}.Debug|Any CPU.ActiveCfg = Debug|Any CPU
		{CC904453-05B0-4FBC-AEC1-15F05159D963}.Debug|Any CPU.Build.0 = Debug|Any CPU
		{CC904453-05B0-4FBC-AEC1-15F05159D963}.Release|Any CPU.ActiveCfg = Release|Any CPU
		{CC904453-05B0-4FBC-AEC1-15F05159D963}.Release|Any CPU.Build.0 = Release|Any CPU
	EndGlobalSection
	GlobalSection(SolutionProperties) = preSolution
		HideSolutionNode = FALSE
	EndGlobalSection
	GlobalSection(ExtensibilityGlobals) = postSolution
		SolutionGuid = {AE5794B8-1BBF-4A96-BDF5-8BF118632006}
	EndGlobalSection
EndGlobal
